// !$*UTF8*$!
{
	archiveVersion = 1;
	classes = {
	};
	objectVersion = 70;
	objects = {

/* Begin PBXBuildFile section */
		5B04FC512CD9BC0400163877 /* UploadedPhotoView.swift in Sources */ = {isa = PBXBuildFile; fileRef = 5B04FC502CD9BBFD00163877 /* UploadedPhotoView.swift */; };
		5B0C4AF42CD52E1800031147 /* StopStatusEnum.swift in Sources */ = {isa = PBXBuildFile; fileRef = 5B0C4AF32CD52E0F00031147 /* StopStatusEnum.swift */; };
		5B2D9A122CCA1553001FF6CC /* OCRStarterManager.swift in Sources */ = {isa = PBXBuildFile; fileRef = 5B2D9A112CCA1521001FF6CC /* OCRStarterManager.swift */; };
		5B2D9A182CCA36EA001FF6CC /* OCRProcessorManager.swift in Sources */ = {isa = PBXBuildFile; fileRef = 5B2D9A172CCA36E0001FF6CC /* OCRProcessorManager.swift */; };
		5B347FCE2CF49DEA00A1E852 /* BusStopArrivalView.swift in Sources */ = {isa = PBXBuildFile; fileRef = 5B347FCD2CF49DBC00A1E852 /* BusStopArrivalView.swift */; };
		5B347FD02CF4F72400A1E852 /* AppDelegate.swift in Sources */ = {isa = PBXBuildFile; fileRef = 5B347FCF2CF4F71F00A1E852 /* AppDelegate.swift */; };
		5B4F87342CC973F4000329C2 /* MapViewWrapper.swift in Sources */ = {isa = PBXBuildFile; fileRef = 5B4F87332CC973F3000329C2 /* MapViewWrapper.swift */; };
		5B50F1872CE5D19100E2EC41 /* ImageHandlerModel.swift in Sources */ = {isa = PBXBuildFile; fileRef = 5B50F1862CE5D14F00E2EC41 /* ImageHandlerModel.swift */; };
		5B64AF952CCF823D0083CA23 /* BusInfoEnum.swift in Sources */ = {isa = PBXBuildFile; fileRef = 5B64AF942CCF82270083CA23 /* BusInfoEnum.swift */; };
		5B6DA5B82CBE551400613ACB /* MapView.swift in Sources */ = {isa = PBXBuildFile; fileRef = 5B6DA5B72CBE551400613ACB /* MapView.swift */; };
		5B6DA5BA2CBE6F8C00613ACB /* LocationManager.swift in Sources */ = {isa = PBXBuildFile; fileRef = 5B6DA5B92CBE6F8700613ACB /* LocationManager.swift */; };
		5B7B01DE2CD0CA5900B6009E /* OCRExtractorManager.swift in Sources */ = {isa = PBXBuildFile; fileRef = 5B7B01DD2CD0CA5200B6009E /* OCRExtractorManager.swift */; };
		5B83D51E2CD7D81F00633B3C /* NotUploadedView.swift in Sources */ = {isa = PBXBuildFile; fileRef = 5B83D51D2CD7D80900633B3C /* NotUploadedView.swift */; };
		5B85B1C22CD91CC000469D03 /* HomeView.swift in Sources */ = {isa = PBXBuildFile; fileRef = 5B85B1C12CD91CC000469D03 /* HomeView.swift */; };
		5BA06D4A2CF38E5400834BBD /* TappedStopView.swift in Sources */ = {isa = PBXBuildFile; fileRef = 5BA06D492CF38E1F00834BBD /* TappedStopView.swift */; };
		5BA06D4C2CF3A63000834BBD /* PopoverView.swift in Sources */ = {isa = PBXBuildFile; fileRef = 5BA06D4B2CF3A61C00834BBD /* PopoverView.swift */; };
		5BA3A5852CE12D8900C2DEA0 /* BusStopData.csv in Resources */ = {isa = PBXBuildFile; fileRef = 5BA3A5842CE12D8900C2DEA0 /* BusStopData.csv */; };
		5BCC7CC82CF5BEDB005986BF /* BusStopDetailView.swift in Sources */ = {isa = PBXBuildFile; fileRef = 5BCC7CC72CF5BED4005986BF /* BusStopDetailView.swift */; };
		5BE1BF082CF867590082648D /* NotificationManager.swift in Sources */ = {isa = PBXBuildFile; fileRef = 5BE1BF072CF867550082648D /* NotificationManager.swift */; };
		5BE1BF5B2CF8C53E0082648D /* ScannedJourneyInfoView.swift in Sources */ = {isa = PBXBuildFile; fileRef = 5BE1BF5A2CF8C53A0082648D /* ScannedJourneyInfoView.swift */; };
		5BE1BF5D2CF8C6150082648D /* ScannedJourneyInfo.swift in Sources */ = {isa = PBXBuildFile; fileRef = 5BE1BF5C2CF8C6100082648D /* ScannedJourneyInfo.swift */; };
		5BE1BF5F2CF8C70F0082648D /* EndStopView.swift in Sources */ = {isa = PBXBuildFile; fileRef = 5BE1BF5E2CF8C70C0082648D /* EndStopView.swift */; };
		5BF33BF42CE70E2E006F17EC /* Assets.xcassets in Resources */ = {isa = PBXBuildFile; fileRef = D86739702CA933CE00FFE8ED /* Assets.xcassets */; };
		5BF33BF52CE70E37006F17EC /* Color.swift in Sources */ = {isa = PBXBuildFile; fileRef = D81D9E9B2CE47F12004F2024 /* Color.swift */; };
		D801A1BA2CF2213C00AD0D64 /* BusDataMock.swift in Sources */ = {isa = PBXBuildFile; fileRef = D801A1B92CF2213C00AD0D64 /* BusDataMock.swift */; };
		D81238912CF8C0560005EB25 /* TMTShareExtension.appex in Embed Foundation Extensions */ = {isa = PBXBuildFile; fileRef = D81238872CF8C0560005EB25 /* TMTShareExtension.appex */; settings = {ATTRIBUTES = (RemoveHeadersOnCopy, ); }; };
		D81238C82CF8CD760005EB25 /* ScannedJourneyInfoView.swift in Sources */ = {isa = PBXBuildFile; fileRef = D81238C72CF8CD760005EB25 /* ScannedJourneyInfoView.swift */; };
		D81238C92CF8CD920005EB25 /* ScannedJourneyInfo.swift in Sources */ = {isa = PBXBuildFile; fileRef = 5B50F1882CE64EB500E2EC41 /* ScannedJourneyInfo.swift */; };
		D81238CA2CF8CDAE0005EB25 /* EndStopView.swift in Sources */ = {isa = PBXBuildFile; fileRef = 5BB6D2572CD3DD0D00F6A487 /* EndStopView.swift */; };
		D81D9D3C2CE21CD1004F2024 /* JourneySettingModel.swift in Sources */ = {isa = PBXBuildFile; fileRef = D81D9D3B2CE21CD1004F2024 /* JourneySettingModel.swift */; };
		D81D9E9A2CE47F0D004F2024 /* String.swift in Sources */ = {isa = PBXBuildFile; fileRef = D81D9E992CE47F0D004F2024 /* String.swift */; };
		D81D9E9C2CE47F12004F2024 /* Color.swift in Sources */ = {isa = PBXBuildFile; fileRef = D81D9E9B2CE47F12004F2024 /* Color.swift */; };
		D826488F2CD35550000A448D /* ButtonComponent.swift in Sources */ = {isa = PBXBuildFile; fileRef = D826488E2CD35550000A448D /* ButtonComponent.swift */; };
		D82D29A52CD3AC8B0083BB59 /* OnboardingStepEnum.swift in Sources */ = {isa = PBXBuildFile; fileRef = D82D29A42CD3AC8B0083BB59 /* OnboardingStepEnum.swift */; };
		D83277652CEC67CE005E00CF /* LottieView.swift in Sources */ = {isa = PBXBuildFile; fileRef = D83277642CEC67CE005E00CF /* LottieView.swift */; };
		D836618D2CF9A892002A181F /* LaunchLogo.png in Resources */ = {isa = PBXBuildFile; fileRef = D836618B2CF9A892002A181F /* LaunchLogo.png */; };
		D844BCBD2CC120010059E31F /* WidgetKit.framework in Frameworks */ = {isa = PBXBuildFile; fileRef = D844BCBC2CC120010059E31F /* WidgetKit.framework */; };
		D844BCBF2CC120010059E31F /* SwiftUI.framework in Frameworks */ = {isa = PBXBuildFile; fileRef = D844BCBE2CC120010059E31F /* SwiftUI.framework */; };
		D844BCD02CC120030059E31F /* TMTWidgetExtension.appex in Embed Foundation Extensions */ = {isa = PBXBuildFile; fileRef = D844BCBA2CC120010059E31F /* TMTWidgetExtension.appex */; settings = {ATTRIBUTES = (RemoveHeadersOnCopy, ); }; };
		D844BCDA2CC147390059E31F /* LiveActivityManager.swift in Sources */ = {isa = PBXBuildFile; fileRef = D844BCD92CC147390059E31F /* LiveActivityManager.swift */; };
		D858729C2CD4A15F001CC467 /* OnboardingStepView.swift in Sources */ = {isa = PBXBuildFile; fileRef = D858729B2CD4A15F001CC467 /* OnboardingStepView.swift */; };
		D859D1512CEB2A6E00478166 /* BusStopsSheetView.swift in Sources */ = {isa = PBXBuildFile; fileRef = D859D1502CEB2A6E00478166 /* BusStopsSheetView.swift */; };
		D867396D2CA933CD00FFE8ED /* TMTApp.swift in Sources */ = {isa = PBXBuildFile; fileRef = D867396C2CA933CD00FFE8ED /* TMTApp.swift */; };
		D86739712CA933CE00FFE8ED /* Assets.xcassets in Resources */ = {isa = PBXBuildFile; fileRef = D86739702CA933CE00FFE8ED /* Assets.xcassets */; };
		D86739742CA933CE00FFE8ED /* Preview Assets.xcassets in Resources */ = {isa = PBXBuildFile; fileRef = D86739732CA933CE00FFE8ED /* Preview Assets.xcassets */; };
		D86A9EE32CEC696700B252F8 /* Capture.json in Resources */ = {isa = PBXBuildFile; fileRef = D86A9EE02CEC696700B252F8 /* Capture.json */; };
		D86A9EE42CEC696700B252F8 /* GoNaverMap.json in Resources */ = {isa = PBXBuildFile; fileRef = D86A9EE12CEC696700B252F8 /* GoNaverMap.json */; };
		D86A9EE52CEC696700B252F8 /* BusDotIntro.json in Resources */ = {isa = PBXBuildFile; fileRef = D86A9EDF2CEC696700B252F8 /* BusDotIntro.json */; };
		D86A9EE62CEC696700B252F8 /* IntroFinish.json in Resources */ = {isa = PBXBuildFile; fileRef = D86A9EE22CEC696700B252F8 /* IntroFinish.json */; };
		D86A9EE82CEC6A0F00B252F8 /* Lottie in Frameworks */ = {isa = PBXBuildFile; productRef = D86A9EE72CEC6A0F00B252F8 /* Lottie */; };
		D876BF2F2CECE8820098B68E /* OnboardingIntroView.swift in Sources */ = {isa = PBXBuildFile; fileRef = D876BF2E2CECE8820098B68E /* OnboardingIntroView.swift */; };
		D876BF312CECE89E0098B68E /* OnboardingView.swift in Sources */ = {isa = PBXBuildFile; fileRef = D876BF302CECE89E0098B68E /* OnboardingView.swift */; };
		D88F3AF22CD34DD200C0B657 /* InformationModalView.swift in Sources */ = {isa = PBXBuildFile; fileRef = D88F3AF12CD34DD200C0B657 /* InformationModalView.swift */; };
		D8D377E92CBE95C30043D103 /* BusSearchItem.swift in Sources */ = {isa = PBXBuildFile; fileRef = D8D377E82CBE95C30043D103 /* BusSearchItem.swift */; };
		D8D377EB2CBE95CA0043D103 /* BusSearchModel.swift in Sources */ = {isa = PBXBuildFile; fileRef = D8D377EA2CBE95CA0043D103 /* BusSearchModel.swift */; };
		D8E054DD2CF1AF89006B1879 /* View.swift in Sources */ = {isa = PBXBuildFile; fileRef = D8E054DC2CF1AF89006B1879 /* View.swift */; };
		D8E054DE2CF1AF89006B1879 /* View.swift in Sources */ = {isa = PBXBuildFile; fileRef = D8E054DC2CF1AF89006B1879 /* View.swift */; };
		D8E7E7122CF60FD300EAD54F /* StopStatusEnum.swift in Sources */ = {isa = PBXBuildFile; fileRef = 5B0C4AF32CD52E0F00031147 /* StopStatusEnum.swift */; };
/* End PBXBuildFile section */

/* Begin PBXContainerItemProxy section */
		D812388F2CF8C0560005EB25 /* PBXContainerItemProxy */ = {
			isa = PBXContainerItemProxy;
			containerPortal = D86739612CA933CD00FFE8ED /* Project object */;
			proxyType = 1;
			remoteGlobalIDString = D81238862CF8C0560005EB25;
			remoteInfo = TMTShareExtension;
		};
		D844BCCE2CC120030059E31F /* PBXContainerItemProxy */ = {
			isa = PBXContainerItemProxy;
			containerPortal = D86739612CA933CD00FFE8ED /* Project object */;
			proxyType = 1;
			remoteGlobalIDString = D844BCB92CC120010059E31F;
			remoteInfo = TMTWidgetExtension;
		};
/* End PBXContainerItemProxy section */

/* Begin PBXCopyFilesBuildPhase section */
		D844BCD52CC120030059E31F /* Embed Foundation Extensions */ = {
			isa = PBXCopyFilesBuildPhase;
			buildActionMask = 2147483647;
			dstPath = "";
			dstSubfolderSpec = 13;
			files = (
				D81238912CF8C0560005EB25 /* TMTShareExtension.appex in Embed Foundation Extensions */,
				D844BCD02CC120030059E31F /* TMTWidgetExtension.appex in Embed Foundation Extensions */,
			);
			name = "Embed Foundation Extensions";
			runOnlyForDeploymentPostprocessing = 0;
		};
/* End PBXCopyFilesBuildPhase section */

/* Begin PBXFileReference section */
		5B04FC502CD9BBFD00163877 /* UploadedPhotoView.swift */ = {isa = PBXFileReference; lastKnownFileType = sourcecode.swift; path = UploadedPhotoView.swift; sourceTree = "<group>"; };
		5B0C4AF32CD52E0F00031147 /* StopStatusEnum.swift */ = {isa = PBXFileReference; lastKnownFileType = sourcecode.swift; path = StopStatusEnum.swift; sourceTree = "<group>"; };
		5B2D9A112CCA1521001FF6CC /* OCRStarterManager.swift */ = {isa = PBXFileReference; lastKnownFileType = sourcecode.swift; path = OCRStarterManager.swift; sourceTree = "<group>"; };
		5B2D9A172CCA36E0001FF6CC /* OCRProcessorManager.swift */ = {isa = PBXFileReference; lastKnownFileType = sourcecode.swift; path = OCRProcessorManager.swift; sourceTree = "<group>"; };
		5B347FCD2CF49DBC00A1E852 /* BusStopArrivalView.swift */ = {isa = PBXFileReference; lastKnownFileType = sourcecode.swift; path = BusStopArrivalView.swift; sourceTree = "<group>"; };
		5B347FCF2CF4F71F00A1E852 /* AppDelegate.swift */ = {isa = PBXFileReference; lastKnownFileType = sourcecode.swift; path = AppDelegate.swift; sourceTree = "<group>"; };
		5B4F87332CC973F3000329C2 /* MapViewWrapper.swift */ = {isa = PBXFileReference; lastKnownFileType = sourcecode.swift; path = MapViewWrapper.swift; sourceTree = "<group>"; };
		5B50F1862CE5D14F00E2EC41 /* ImageHandlerModel.swift */ = {isa = PBXFileReference; lastKnownFileType = sourcecode.swift; path = ImageHandlerModel.swift; sourceTree = "<group>"; };
		5B64AF942CCF82270083CA23 /* BusInfoEnum.swift */ = {isa = PBXFileReference; lastKnownFileType = sourcecode.swift; path = BusInfoEnum.swift; sourceTree = "<group>"; };
		5B6DA5B72CBE551400613ACB /* MapView.swift */ = {isa = PBXFileReference; lastKnownFileType = sourcecode.swift; path = MapView.swift; sourceTree = "<group>"; };
		5B6DA5B92CBE6F8700613ACB /* LocationManager.swift */ = {isa = PBXFileReference; lastKnownFileType = sourcecode.swift; path = LocationManager.swift; sourceTree = "<group>"; };
		5B7B01DD2CD0CA5200B6009E /* OCRExtractorManager.swift */ = {isa = PBXFileReference; lastKnownFileType = sourcecode.swift; path = OCRExtractorManager.swift; sourceTree = "<group>"; };
		5B83D51D2CD7D80900633B3C /* NotUploadedView.swift */ = {isa = PBXFileReference; lastKnownFileType = sourcecode.swift; path = NotUploadedView.swift; sourceTree = "<group>"; };
		5B85B1C12CD91CC000469D03 /* HomeView.swift */ = {isa = PBXFileReference; lastKnownFileType = sourcecode.swift; path = HomeView.swift; sourceTree = "<group>"; };
		5BA06D492CF38E1F00834BBD /* TappedStopView.swift */ = {isa = PBXFileReference; lastKnownFileType = sourcecode.swift; path = TappedStopView.swift; sourceTree = "<group>"; };
		5BA06D4B2CF3A61C00834BBD /* PopoverView.swift */ = {isa = PBXFileReference; lastKnownFileType = sourcecode.swift; path = PopoverView.swift; sourceTree = "<group>"; };
		5BA3A5842CE12D8900C2DEA0 /* BusStopData.csv */ = {isa = PBXFileReference; lastKnownFileType = text; path = BusStopData.csv; sourceTree = "<group>"; };
		5BCC7CC72CF5BED4005986BF /* BusStopDetailView.swift */ = {isa = PBXFileReference; lastKnownFileType = sourcecode.swift; path = BusStopDetailView.swift; sourceTree = "<group>"; };
		5BE1BF072CF867550082648D /* NotificationManager.swift */ = {isa = PBXFileReference; lastKnownFileType = sourcecode.swift; path = NotificationManager.swift; sourceTree = "<group>"; };
		5BE1BF5A2CF8C53A0082648D /* ScannedJourneyInfoView.swift */ = {isa = PBXFileReference; lastKnownFileType = sourcecode.swift; path = ScannedJourneyInfoView.swift; sourceTree = "<group>"; };
		5BE1BF5C2CF8C6100082648D /* ScannedJourneyInfo.swift */ = {isa = PBXFileReference; lastKnownFileType = sourcecode.swift; path = ScannedJourneyInfo.swift; sourceTree = "<group>"; };
		5BE1BF5E2CF8C70C0082648D /* EndStopView.swift */ = {isa = PBXFileReference; lastKnownFileType = sourcecode.swift; path = EndStopView.swift; sourceTree = "<group>"; };
		D801A1B92CF2213C00AD0D64 /* BusDataMock.swift */ = {isa = PBXFileReference; lastKnownFileType = sourcecode.swift; path = BusDataMock.swift; sourceTree = "<group>"; };
		D803DE332CD8A80C00C36D17 /* Info.plist */ = {isa = PBXFileReference; lastKnownFileType = text.plist; path = Info.plist; sourceTree = "<group>"; };
		D81238872CF8C0560005EB25 /* TMTShareExtension.appex */ = {isa = PBXFileReference; explicitFileType = "wrapper.app-extension"; includeInIndex = 0; path = TMTShareExtension.appex; sourceTree = BUILT_PRODUCTS_DIR; };
		D81238962CF8C07C0005EB25 /* TMTRelease.entitlements */ = {isa = PBXFileReference; lastKnownFileType = text.plist.entitlements; path = TMTRelease.entitlements; sourceTree = "<group>"; };
		D81238982CF8C3380005EB25 /* TMT.entitlements */ = {isa = PBXFileReference; lastKnownFileType = text.plist.entitlements; path = TMT.entitlements; sourceTree = "<group>"; };
		D81238C72CF8CD760005EB25 /* ScannedJourneyInfoView.swift */ = {isa = PBXFileReference; lastKnownFileType = sourcecode.swift; path = ScannedJourneyInfoView.swift; sourceTree = "<group>"; };
		D81D9D3B2CE21CD1004F2024 /* JourneySettingModel.swift */ = {isa = PBXFileReference; lastKnownFileType = sourcecode.swift; path = JourneySettingModel.swift; sourceTree = "<group>"; };
		D81D9E992CE47F0D004F2024 /* String.swift */ = {isa = PBXFileReference; lastKnownFileType = sourcecode.swift; path = String.swift; sourceTree = "<group>"; };
		D81D9E9B2CE47F12004F2024 /* Color.swift */ = {isa = PBXFileReference; lastKnownFileType = sourcecode.swift; path = Color.swift; sourceTree = "<group>"; };
		D826488E2CD35550000A448D /* ButtonComponent.swift */ = {isa = PBXFileReference; lastKnownFileType = sourcecode.swift; path = ButtonComponent.swift; sourceTree = "<group>"; };
		D82D29A42CD3AC8B0083BB59 /* OnboardingStepEnum.swift */ = {isa = PBXFileReference; lastKnownFileType = sourcecode.swift; path = OnboardingStepEnum.swift; sourceTree = "<group>"; };
		D83277642CEC67CE005E00CF /* LottieView.swift */ = {isa = PBXFileReference; lastKnownFileType = sourcecode.swift; path = LottieView.swift; sourceTree = "<group>"; };
		D836618B2CF9A892002A181F /* LaunchLogo.png */ = {isa = PBXFileReference; lastKnownFileType = image.png; path = LaunchLogo.png; sourceTree = "<group>"; };
		D844BCBA2CC120010059E31F /* TMTWidgetExtension.appex */ = {isa = PBXFileReference; explicitFileType = "wrapper.app-extension"; includeInIndex = 0; path = TMTWidgetExtension.appex; sourceTree = BUILT_PRODUCTS_DIR; };
		D844BCBC2CC120010059E31F /* WidgetKit.framework */ = {isa = PBXFileReference; lastKnownFileType = wrapper.framework; name = WidgetKit.framework; path = System/Library/Frameworks/WidgetKit.framework; sourceTree = SDKROOT; };
		D844BCBE2CC120010059E31F /* SwiftUI.framework */ = {isa = PBXFileReference; lastKnownFileType = wrapper.framework; name = SwiftUI.framework; path = System/Library/Frameworks/SwiftUI.framework; sourceTree = SDKROOT; };
		D844BCD92CC147390059E31F /* LiveActivityManager.swift */ = {isa = PBXFileReference; lastKnownFileType = sourcecode.swift; path = LiveActivityManager.swift; sourceTree = "<group>"; };
		D858729B2CD4A15F001CC467 /* OnboardingStepView.swift */ = {isa = PBXFileReference; lastKnownFileType = sourcecode.swift; path = OnboardingStepView.swift; sourceTree = "<group>"; };
		D859D1502CEB2A6E00478166 /* BusStopsSheetView.swift */ = {isa = PBXFileReference; lastKnownFileType = sourcecode.swift; path = BusStopsSheetView.swift; sourceTree = "<group>"; };
		D86739692CA933CD00FFE8ED /* TMT.app */ = {isa = PBXFileReference; explicitFileType = wrapper.application; includeInIndex = 0; path = TMT.app; sourceTree = BUILT_PRODUCTS_DIR; };
		D867396C2CA933CD00FFE8ED /* TMTApp.swift */ = {isa = PBXFileReference; lastKnownFileType = sourcecode.swift; path = TMTApp.swift; sourceTree = "<group>"; };
		D86739702CA933CE00FFE8ED /* Assets.xcassets */ = {isa = PBXFileReference; lastKnownFileType = folder.assetcatalog; path = Assets.xcassets; sourceTree = "<group>"; };
		D86739732CA933CE00FFE8ED /* Preview Assets.xcassets */ = {isa = PBXFileReference; lastKnownFileType = folder.assetcatalog; path = "Preview Assets.xcassets"; sourceTree = "<group>"; };
		D86A9EDF2CEC696700B252F8 /* BusDotIntro.json */ = {isa = PBXFileReference; lastKnownFileType = text.json; path = BusDotIntro.json; sourceTree = "<group>"; };
		D86A9EE02CEC696700B252F8 /* Capture.json */ = {isa = PBXFileReference; lastKnownFileType = text.json; path = Capture.json; sourceTree = "<group>"; };
		D86A9EE12CEC696700B252F8 /* GoNaverMap.json */ = {isa = PBXFileReference; lastKnownFileType = text.json; path = GoNaverMap.json; sourceTree = "<group>"; };
		D86A9EE22CEC696700B252F8 /* IntroFinish.json */ = {isa = PBXFileReference; lastKnownFileType = text.json; path = IntroFinish.json; sourceTree = "<group>"; };
		D876BF2E2CECE8820098B68E /* OnboardingIntroView.swift */ = {isa = PBXFileReference; lastKnownFileType = sourcecode.swift; path = OnboardingIntroView.swift; sourceTree = "<group>"; };
		D876BF302CECE89E0098B68E /* OnboardingView.swift */ = {isa = PBXFileReference; lastKnownFileType = sourcecode.swift; path = OnboardingView.swift; sourceTree = "<group>"; };
		D88F3AF12CD34DD200C0B657 /* InformationModalView.swift */ = {isa = PBXFileReference; lastKnownFileType = sourcecode.swift; path = InformationModalView.swift; sourceTree = "<group>"; };
		D8D377E82CBE95C30043D103 /* BusSearchItem.swift */ = {isa = PBXFileReference; lastKnownFileType = sourcecode.swift; path = BusSearchItem.swift; sourceTree = "<group>"; };
		D8D377EA2CBE95CA0043D103 /* BusSearchModel.swift */ = {isa = PBXFileReference; lastKnownFileType = sourcecode.swift; path = BusSearchModel.swift; sourceTree = "<group>"; };
		D8E054DC2CF1AF89006B1879 /* View.swift */ = {isa = PBXFileReference; lastKnownFileType = sourcecode.swift; path = View.swift; sourceTree = "<group>"; };
/* End PBXFileReference section */

/* Begin PBXFileSystemSynchronizedBuildFileExceptionSet section */
		D81238952CF8C0560005EB25 /* PBXFileSystemSynchronizedBuildFileExceptionSet */ = {
			isa = PBXFileSystemSynchronizedBuildFileExceptionSet;
			membershipExceptions = (
				Info.plist,
			);
			target = D81238862CF8C0560005EB25 /* TMTShareExtension */;
		};
		D844BCD12CC120030059E31F /* PBXFileSystemSynchronizedBuildFileExceptionSet */ = {
			isa = PBXFileSystemSynchronizedBuildFileExceptionSet;
			membershipExceptions = (
				Info.plist,
			);
			target = D844BCB92CC120010059E31F /* TMTWidgetExtension */;
		};
		D844BCD72CC120E40059E31F /* PBXFileSystemSynchronizedBuildFileExceptionSet */ = {
			isa = PBXFileSystemSynchronizedBuildFileExceptionSet;
			membershipExceptions = (
				TMTWidgetLiveActivity.swift,
			);
			target = D86739682CA933CD00FFE8ED /* TMT */;
		};
/* End PBXFileSystemSynchronizedBuildFileExceptionSet section */

/* Begin PBXFileSystemSynchronizedRootGroup section */
		D81238882CF8C0560005EB25 /* TMTShareExtension */ = {isa = PBXFileSystemSynchronizedRootGroup; exceptions = (D81238952CF8C0560005EB25 /* PBXFileSystemSynchronizedBuildFileExceptionSet */, ); explicitFileTypes = {}; explicitFolders = (); path = TMTShareExtension; sourceTree = "<group>"; };
		D81238882CF8C0560005EB25 /* TMTShareExtension */ = {isa = PBXFileSystemSynchronizedRootGroup; explicitFileTypes = {}; explicitFolders = (); path = TMTShareExtension; sourceTree = "<group>"; };
		D844BCC02CC120010059E31F /* TMTWidget */ = {isa = PBXFileSystemSynchronizedRootGroup; exceptions = (D844BCD72CC120E40059E31F /* PBXFileSystemSynchronizedBuildFileExceptionSet */, D844BCD12CC120030059E31F /* PBXFileSystemSynchronizedBuildFileExceptionSet */, ); explicitFileTypes = {}; explicitFolders = (); path = TMTWidget; sourceTree = "<group>"; };
/* End PBXFileSystemSynchronizedRootGroup section */

/* Begin PBXFrameworksBuildPhase section */
		D81238842CF8C0560005EB25 /* Frameworks */ = {
			isa = PBXFrameworksBuildPhase;
			buildActionMask = 2147483647;
			files = (
			);
			runOnlyForDeploymentPostprocessing = 0;
		};
		D844BCB72CC120010059E31F /* Frameworks */ = {
			isa = PBXFrameworksBuildPhase;
			buildActionMask = 2147483647;
			files = (
				D844BCBF2CC120010059E31F /* SwiftUI.framework in Frameworks */,
				D844BCBD2CC120010059E31F /* WidgetKit.framework in Frameworks */,
			);
			runOnlyForDeploymentPostprocessing = 0;
		};
		D86739662CA933CD00FFE8ED /* Frameworks */ = {
			isa = PBXFrameworksBuildPhase;
			buildActionMask = 2147483647;
			files = (
				D86A9EE82CEC6A0F00B252F8 /* Lottie in Frameworks */,
			);
			runOnlyForDeploymentPostprocessing = 0;
		};
/* End PBXFrameworksBuildPhase section */

/* Begin PBXGroup section */
		5B2D9A0E2CCA14FB001FF6CC /* BusJourneyScanned */ = {
			isa = PBXGroup;
			children = (
				D81D9E952CE47E06004F2024 /* Models */,
				D81D9E942CE47E01004F2024 /* Views */,
			);
			path = BusJourneyScanned;
			sourceTree = "<group>";
		};
		5BCE456F2CC389FE00CF38CE /* Map */ = {
			isa = PBXGroup;
			children = (
				D81D9E962CE47E7B004F2024 /* Models */,
				D81D9E972CE47E82004F2024 /* Views */,
			);
			path = Map;
			sourceTree = "<group>";
		};
		D801A1B82CF2212000AD0D64 /* Test */ = {
			isa = PBXGroup;
			children = (
				D801A1B92CF2213C00AD0D64 /* BusDataMock.swift */,
			);
			path = Test;
			sourceTree = "<group>";
		};
		D801A1BB2CF229CA00AD0D64 /* DestinationCard */ = {
			isa = PBXGroup;
			children = (
				5BE1BF5E2CF8C70C0082648D /* EndStopView.swift */,
				5BCC7CC72CF5BED4005986BF /* BusStopDetailView.swift */,
			);
			path = DestinationCard;
			sourceTree = "<group>";
		};
		D801A1BD2CF22AA500AD0D64 /* BottomSheet */ = {
			isa = PBXGroup;
			children = (
				D859D1502CEB2A6E00478166 /* BusStopsSheetView.swift */,
			);
			path = BottomSheet;
			sourceTree = "<group>";
		};
		D81D9E912CE47D84004F2024 /* Models */ = {
			isa = PBXGroup;
			children = (
				D82D29A42CD3AC8B0083BB59 /* OnboardingStepEnum.swift */,
			);
			path = Models;
			sourceTree = "<group>";
		};
		D81D9E922CE47D8B004F2024 /* Views */ = {
			isa = PBXGroup;
			children = (
				D876BF302CECE89E0098B68E /* OnboardingView.swift */,
				D876BF2E2CECE8820098B68E /* OnboardingIntroView.swift */,
				D858729B2CD4A15F001CC467 /* OnboardingStepView.swift */,
				D88F3AF12CD34DD200C0B657 /* InformationModalView.swift */,
			);
			path = Views;
			sourceTree = "<group>";
		};
		D81D9E932CE47DBC004F2024 /* Models */ = {
			isa = PBXGroup;
			children = (
				D8D377E82CBE95C30043D103 /* BusSearchItem.swift */,
				D8D377EA2CBE95CA0043D103 /* BusSearchModel.swift */,
			);
			path = Models;
			sourceTree = "<group>";
		};
		D81D9E942CE47E01004F2024 /* Views */ = {
			isa = PBXGroup;
			children = (
				5BE1BF5A2CF8C53A0082648D /* ScannedJourneyInfoView.swift */,
				5B83D51D2CD7D80900633B3C /* NotUploadedView.swift */,
				5B04FC502CD9BBFD00163877 /* UploadedPhotoView.swift */,
			);
			path = Views;
			sourceTree = "<group>";
		};
		D81D9E952CE47E06004F2024 /* Models */ = {
			isa = PBXGroup;
			children = (
				5BE1BF5C2CF8C6100082648D /* ScannedJourneyInfo.swift */,
				5B50F1862CE5D14F00E2EC41 /* ImageHandlerModel.swift */,
				5B64AF942CCF82270083CA23 /* BusInfoEnum.swift */,
				5B2D9A112CCA1521001FF6CC /* OCRStarterManager.swift */,
			);
			path = Models;
			sourceTree = "<group>";
		};
		D81D9E962CE47E7B004F2024 /* Models */ = {
			isa = PBXGroup;
			children = (
				5BE1BF072CF867550082648D /* NotificationManager.swift */,
				5B0C4AF32CD52E0F00031147 /* StopStatusEnum.swift */,
				D81D9D3B2CE21CD1004F2024 /* JourneySettingModel.swift */,
			);
			path = Models;
			sourceTree = "<group>";
		};
		D81D9E972CE47E82004F2024 /* Views */ = {
			isa = PBXGroup;
			children = (
				5B347FCD2CF49DBC00A1E852 /* BusStopArrivalView.swift */,
				5BA06D4B2CF3A61C00834BBD /* PopoverView.swift */,
				5BA06D492CF38E1F00834BBD /* TappedStopView.swift */,
				5B6DA5B72CBE551400613ACB /* MapView.swift */,
				5B4F87332CC973F3000329C2 /* MapViewWrapper.swift */,
				D801A1BB2CF229CA00AD0D64 /* DestinationCard */,
				D801A1BD2CF22AA500AD0D64 /* BottomSheet */,
			);
			path = Views;
			sourceTree = "<group>";
		};
		D81D9E982CE47F02004F2024 /* Extension */ = {
			isa = PBXGroup;
			children = (
				D81D9E992CE47F0D004F2024 /* String.swift */,
				D81D9E9B2CE47F12004F2024 /* Color.swift */,
				D8E054DC2CF1AF89006B1879 /* View.swift */,
			);
			path = Extension;
			sourceTree = "<group>";
		};
		D826488D2CD3553B000A448D /* UIComponent */ = {
			isa = PBXGroup;
			children = (
				D826488E2CD35550000A448D /* ButtonComponent.swift */,
			);
			path = UIComponent;
			sourceTree = "<group>";
		};
		D836618E2CF9A923002A181F /* LaunchScreen */ = {
			isa = PBXGroup;
			children = (
				D836618B2CF9A892002A181F /* LaunchLogo.png */,
			);
			path = LaunchScreen;
			sourceTree = "<group>";
		};
		D844BCBB2CC120010059E31F /* Frameworks */ = {
			isa = PBXGroup;
			children = (
				D844BCBC2CC120010059E31F /* WidgetKit.framework */,
				D844BCBE2CC120010059E31F /* SwiftUI.framework */,
			);
			name = Frameworks;
			sourceTree = "<group>";
		};
		D844BCD82CC1472E0059E31F /* Utils */ = {
			isa = PBXGroup;
			children = (
				5B6DA5B92CBE6F8700613ACB /* LocationManager.swift */,
				D844BCD92CC147390059E31F /* LiveActivityManager.swift */,
				5B2D9A172CCA36E0001FF6CC /* OCRProcessorManager.swift */,
				5B7B01DD2CD0CA5200B6009E /* OCRExtractorManager.swift */,
				D83277642CEC67CE005E00CF /* LottieView.swift */,
			);
			path = Utils;
			sourceTree = "<group>";
		};
		D86739602CA933CD00FFE8ED = {
			isa = PBXGroup;
			children = (
				D867396B2CA933CD00FFE8ED /* TMT */,
				D844BCC02CC120010059E31F /* TMTWidget */,
				D81238882CF8C0560005EB25 /* TMTShareExtension */,
				D844BCBB2CC120010059E31F /* Frameworks */,
				D867396A2CA933CD00FFE8ED /* Products */,
			);
			sourceTree = "<group>";
		};
		D867396A2CA933CD00FFE8ED /* Products */ = {
			isa = PBXGroup;
			children = (
				D86739692CA933CD00FFE8ED /* TMT.app */,
				D844BCBA2CC120010059E31F /* TMTWidgetExtension.appex */,
				D81238872CF8C0560005EB25 /* TMTShareExtension.appex */,
			);
			name = Products;
			sourceTree = "<group>";
		};
		D867396B2CA933CD00FFE8ED /* TMT */ = {
			isa = PBXGroup;
			children = (
				D81238982CF8C3380005EB25 /* TMT.entitlements */,
				D81238962CF8C07C0005EB25 /* TMTRelease.entitlements */,
				D803DE332CD8A80C00C36D17 /* Info.plist */,
				D867396C2CA933CD00FFE8ED /* TMTApp.swift */,
				5B347FCF2CF4F71F00A1E852 /* AppDelegate.swift */,
				5B85B1C12CD91CC000469D03 /* HomeView.swift */,
				D88F3AF32CD34DD700C0B657 /* Onboarding */,
				D8D377E72CBE95B80043D103 /* BusSearch */,
				5B2D9A0E2CCA14FB001FF6CC /* BusJourneyScanned */,
				5BCE456F2CC389FE00CF38CE /* Map */,
				D844BCD82CC1472E0059E31F /* Utils */,
				D826488D2CD3553B000A448D /* UIComponent */,
				D81D9E982CE47F02004F2024 /* Extension */,
				D8D377E42CBE548F0043D103 /* Resource */,
				D86739702CA933CE00FFE8ED /* Assets.xcassets */,
				D86739722CA933CE00FFE8ED /* Preview Content */,
			);
			path = TMT;
			sourceTree = "<group>";
		};
		D86739722CA933CE00FFE8ED /* Preview Content */ = {
			isa = PBXGroup;
			children = (
				D86739732CA933CE00FFE8ED /* Preview Assets.xcassets */,
			);
			path = "Preview Content";
			sourceTree = "<group>";
		};
		D86A9ED52CEC681C00B252F8 /* BusStop */ = {
			isa = PBXGroup;
			children = (
				5BA3A5842CE12D8900C2DEA0 /* BusStopData.csv */,
				D801A1B82CF2212000AD0D64 /* Test */,
			);
			path = BusStop;
			sourceTree = "<group>";
		};
		D86A9ED62CEC682900B252F8 /* Onboarding */ = {
			isa = PBXGroup;
			children = (
				D86A9EDF2CEC696700B252F8 /* BusDotIntro.json */,
				D86A9EE02CEC696700B252F8 /* Capture.json */,
				D86A9EE12CEC696700B252F8 /* GoNaverMap.json */,
				D86A9EE22CEC696700B252F8 /* IntroFinish.json */,
			);
			path = Onboarding;
			sourceTree = "<group>";
		};
		D88F3AF32CD34DD700C0B657 /* Onboarding */ = {
			isa = PBXGroup;
			children = (
				D81D9E912CE47D84004F2024 /* Models */,
				D81D9E922CE47D8B004F2024 /* Views */,
			);
			path = Onboarding;
			sourceTree = "<group>";
		};
		D8D377E42CBE548F0043D103 /* Resource */ = {
			isa = PBXGroup;
			children = (
				D86A9ED52CEC681C00B252F8 /* BusStop */,
				D86A9ED62CEC682900B252F8 /* Onboarding */,
				D836618E2CF9A923002A181F /* LaunchScreen */,
			);
			path = Resource;
			sourceTree = "<group>";
		};
		D8D377E72CBE95B80043D103 /* BusSearch */ = {
			isa = PBXGroup;
			children = (
				D81D9E932CE47DBC004F2024 /* Models */,
			);
			path = BusSearch;
			sourceTree = "<group>";
		};
/* End PBXGroup section */

/* Begin PBXNativeTarget section */
		D81238862CF8C0560005EB25 /* TMTShareExtension */ = {
			isa = PBXNativeTarget;
			buildConfigurationList = D81238942CF8C0560005EB25 /* Build configuration list for PBXNativeTarget "TMTShareExtension" */;
			buildPhases = (
				D81238832CF8C0560005EB25 /* Sources */,
				D81238842CF8C0560005EB25 /* Frameworks */,
				D81238852CF8C0560005EB25 /* Resources */,
			);
			buildRules = (
			);
			dependencies = (
			);
			fileSystemSynchronizedGroups = (
				D81238882CF8C0560005EB25 /* TMTShareExtension */,
			);
			name = TMTShareExtension;
			packageProductDependencies = (
			);
			productName = TMTShareExtension;
			productReference = D81238872CF8C0560005EB25 /* TMTShareExtension.appex */;
			productType = "com.apple.product-type.app-extension";
		};
		D844BCB92CC120010059E31F /* TMTWidgetExtension */ = {
			isa = PBXNativeTarget;
			buildConfigurationList = D844BCD22CC120030059E31F /* Build configuration list for PBXNativeTarget "TMTWidgetExtension" */;
			buildPhases = (
				D844BCB62CC120010059E31F /* Sources */,
				D844BCB72CC120010059E31F /* Frameworks */,
				D844BCB82CC120010059E31F /* Resources */,
			);
			buildRules = (
			);
			dependencies = (
			);
			fileSystemSynchronizedGroups = (
				D844BCC02CC120010059E31F /* TMTWidget */,
			);
			name = TMTWidgetExtension;
			packageProductDependencies = (
			);
			productName = TMTWidgetExtension;
			productReference = D844BCBA2CC120010059E31F /* TMTWidgetExtension.appex */;
			productType = "com.apple.product-type.app-extension";
		};
		D86739682CA933CD00FFE8ED /* TMT */ = {
			isa = PBXNativeTarget;
			buildConfigurationList = D86739772CA933CE00FFE8ED /* Build configuration list for PBXNativeTarget "TMT" */;
			buildPhases = (
				D86739652CA933CD00FFE8ED /* Sources */,
				D86739662CA933CD00FFE8ED /* Frameworks */,
				D86739672CA933CD00FFE8ED /* Resources */,
				D844BCD52CC120030059E31F /* Embed Foundation Extensions */,
			);
			buildRules = (
			);
			dependencies = (
				D844BCCF2CC120030059E31F /* PBXTargetDependency */,
				D81238902CF8C0560005EB25 /* PBXTargetDependency */,
			);
			name = TMT;
			productName = TMT;
			productReference = D86739692CA933CD00FFE8ED /* TMT.app */;
			productType = "com.apple.product-type.application";
		};
/* End PBXNativeTarget section */

/* Begin PBXProject section */
		D86739612CA933CD00FFE8ED /* Project object */ = {
			isa = PBXProject;
			attributes = {
				BuildIndependentTargetsInParallel = 1;
				LastSwiftUpdateCheck = 1600;
				LastUpgradeCheck = 1600;
				TargetAttributes = {
					D81238862CF8C0560005EB25 = {
						CreatedOnToolsVersion = 16.0;
					};
					D844BCB92CC120010059E31F = {
						CreatedOnToolsVersion = 16.0;
					};
					D86739682CA933CD00FFE8ED = {
						CreatedOnToolsVersion = 15.4;
					};
				};
			};
			buildConfigurationList = D86739642CA933CD00FFE8ED /* Build configuration list for PBXProject "TMT" */;
			compatibilityVersion = "Xcode 14.0";
			developmentRegion = en;
			hasScannedForEncodings = 0;
			knownRegions = (
				en,
				Base,
			);
			mainGroup = D86739602CA933CD00FFE8ED;
			packageReferences = (
				D83277632CEC6715005E00CF /* XCRemoteSwiftPackageReference "lottie-ios" */,
			);
			productRefGroup = D867396A2CA933CD00FFE8ED /* Products */;
			projectDirPath = "";
			projectRoot = "";
			targets = (
				D86739682CA933CD00FFE8ED /* TMT */,
				D844BCB92CC120010059E31F /* TMTWidgetExtension */,
				D81238862CF8C0560005EB25 /* TMTShareExtension */,
			);
		};
/* End PBXProject section */

/* Begin PBXResourcesBuildPhase section */
		D81238852CF8C0560005EB25 /* Resources */ = {
			isa = PBXResourcesBuildPhase;
			buildActionMask = 2147483647;
			files = (
			);
			runOnlyForDeploymentPostprocessing = 0;
		};
		D844BCB82CC120010059E31F /* Resources */ = {
			isa = PBXResourcesBuildPhase;
			buildActionMask = 2147483647;
			files = (
				5BF33BF42CE70E2E006F17EC /* Assets.xcassets in Resources */,
			);
			runOnlyForDeploymentPostprocessing = 0;
		};
		D86739672CA933CD00FFE8ED /* Resources */ = {
			isa = PBXResourcesBuildPhase;
			buildActionMask = 2147483647;
			files = (
				D86739742CA933CE00FFE8ED /* Preview Assets.xcassets in Resources */,
				D86A9EE32CEC696700B252F8 /* Capture.json in Resources */,
				D86A9EE42CEC696700B252F8 /* GoNaverMap.json in Resources */,
				D86A9EE52CEC696700B252F8 /* BusDotIntro.json in Resources */,
				D86A9EE62CEC696700B252F8 /* IntroFinish.json in Resources */,
				5BA3A5852CE12D8900C2DEA0 /* BusStopData.csv in Resources */,
				D86739712CA933CE00FFE8ED /* Assets.xcassets in Resources */,
				D836618D2CF9A892002A181F /* LaunchLogo.png in Resources */,
			);
			runOnlyForDeploymentPostprocessing = 0;
		};
/* End PBXResourcesBuildPhase section */

/* Begin PBXSourcesBuildPhase section */
		D81238832CF8C0560005EB25 /* Sources */ = {
			isa = PBXSourcesBuildPhase;
			buildActionMask = 2147483647;
			files = (
			);
			runOnlyForDeploymentPostprocessing = 0;
		};
		D844BCB62CC120010059E31F /* Sources */ = {
			isa = PBXSourcesBuildPhase;
			buildActionMask = 2147483647;
			files = (
				D8E7E7122CF60FD300EAD54F /* StopStatusEnum.swift in Sources */,
				D8E054DD2CF1AF89006B1879 /* View.swift in Sources */,
				5BF33BF52CE70E37006F17EC /* Color.swift in Sources */,
			);
			runOnlyForDeploymentPostprocessing = 0;
		};
		D86739652CA933CD00FFE8ED /* Sources */ = {
			isa = PBXSourcesBuildPhase;
			buildActionMask = 2147483647;
			files = (
				5BCC7CC82CF5BEDB005986BF /* BusStopDetailView.swift in Sources */,
				D83277652CEC67CE005E00CF /* LottieView.swift in Sources */,
				D8D377E92CBE95C30043D103 /* BusSearchItem.swift in Sources */,
				5B04FC512CD9BC0400163877 /* UploadedPhotoView.swift in Sources */,
				5B2D9A122CCA1553001FF6CC /* OCRStarterManager.swift in Sources */,
				5B2D9A122CCA1553001FF6CC /* OCRStarterManager.swift in Sources */,
				5BE1BF5B2CF8C53E0082648D /* ScannedJourneyInfoView.swift in Sources */,
				5B50F1872CE5D19100E2EC41 /* ImageHandlerModel.swift in Sources */,
				5B85B1C22CD91CC000469D03 /* HomeView.swift in Sources */,
				5B0C4AF42CD52E1800031147 /* StopStatusEnum.swift in Sources */,
				5B347FCE2CF49DEA00A1E852 /* BusStopArrivalView.swift in Sources */,
				5B347FD02CF4F72400A1E852 /* AppDelegate.swift in Sources */,
				5B6DA5B82CBE551400613ACB /* MapView.swift in Sources */,
				5B6DA5BA2CBE6F8C00613ACB /* LocationManager.swift in Sources */,
				5B7B01DE2CD0CA5900B6009E /* OCRExtractorManager.swift in Sources */,
				D876BF2F2CECE8820098B68E /* OnboardingIntroView.swift in Sources */,
				D826488F2CD35550000A448D /* ButtonComponent.swift in Sources */,
				D867396D2CA933CD00FFE8ED /* TMTApp.swift in Sources */,
				5B4F87342CC973F4000329C2 /* MapViewWrapper.swift in Sources */,
				5BE1BF5F2CF8C70F0082648D /* EndStopView.swift in Sources */,
				D8D377EB2CBE95CA0043D103 /* BusSearchModel.swift in Sources */,
				5BE1BF082CF867590082648D /* NotificationManager.swift in Sources */,
				D801A1BA2CF2213C00AD0D64 /* BusDataMock.swift in Sources */,
				D876BF312CECE89E0098B68E /* OnboardingView.swift in Sources */,
				5B64AF952CCF823D0083CA23 /* BusInfoEnum.swift in Sources */,
				5BA06D4A2CF38E5400834BBD /* TappedStopView.swift in Sources */,
				D82D29A52CD3AC8B0083BB59 /* OnboardingStepEnum.swift in Sources */,
				D81D9E9C2CE47F12004F2024 /* Color.swift in Sources */,
				D81D9E9A2CE47F0D004F2024 /* String.swift in Sources */,
				5BA06D4C2CF3A63000834BBD /* PopoverView.swift in Sources */,
				D844BCDA2CC147390059E31F /* LiveActivityManager.swift in Sources */,
				5B83D51E2CD7D81F00633B3C /* NotUploadedView.swift in Sources */,
				D858729C2CD4A15F001CC467 /* OnboardingStepView.swift in Sources */,
				5BE1BF5D2CF8C6150082648D /* ScannedJourneyInfo.swift in Sources */,
				D88F3AF22CD34DD200C0B657 /* InformationModalView.swift in Sources */,
				D8E054DE2CF1AF89006B1879 /* View.swift in Sources */,
				D81D9D3C2CE21CD1004F2024 /* JourneySettingModel.swift in Sources */,
				5B2D9A182CCA36EA001FF6CC /* OCRProcessorManager.swift in Sources */,
				D859D1512CEB2A6E00478166 /* BusStopsSheetView.swift in Sources */,
			);
			runOnlyForDeploymentPostprocessing = 0;
		};
/* End PBXSourcesBuildPhase section */

/* Begin PBXTargetDependency section */
		D81238902CF8C0560005EB25 /* PBXTargetDependency */ = {
			isa = PBXTargetDependency;
			target = D81238862CF8C0560005EB25 /* TMTShareExtension */;
			targetProxy = D812388F2CF8C0560005EB25 /* PBXContainerItemProxy */;
		};
		D844BCCF2CC120030059E31F /* PBXTargetDependency */ = {
			isa = PBXTargetDependency;
			target = D844BCB92CC120010059E31F /* TMTWidgetExtension */;
			targetProxy = D844BCCE2CC120030059E31F /* PBXContainerItemProxy */;
		};
/* End PBXTargetDependency section */

/* Begin XCBuildConfiguration section */
		D81238922CF8C0560005EB25 /* Debug */ = {
			isa = XCBuildConfiguration;
			buildSettings = {
				CODE_SIGN_ENTITLEMENTS = TMTShareExtension/TMTShareExtension.entitlements;
				CODE_SIGN_IDENTITY = "Apple Development";
				"CODE_SIGN_IDENTITY[sdk=iphoneos*]" = "iPhone Developer";
				CODE_SIGN_STYLE = Manual;
				CURRENT_PROJECT_VERSION = 1;
				DEVELOPMENT_TEAM = "";
				"DEVELOPMENT_TEAM[sdk=iphoneos*]" = 7P5S729LQZ;
				GENERATE_INFOPLIST_FILE = YES;
				INFOPLIST_FILE = TMTShareExtension/Info.plist;
				INFOPLIST_KEY_CFBundleDisplayName = TMTShareExtension;
				INFOPLIST_KEY_NSHumanReadableCopyright = "";
				IPHONEOS_DEPLOYMENT_TARGET = 18.0;
				LD_RUNPATH_SEARCH_PATHS = (
					"$(inherited)",
					"@executable_path/Frameworks",
					"@executable_path/../../Frameworks",
				);
				MARKETING_VERSION = 1.0;
				PRODUCT_BUNDLE_IDENTIFIER = twomanythinking.TMT.TMTShareExtension;
				PRODUCT_NAME = "$(TARGET_NAME)";
				PROVISIONING_PROFILE_SPECIFIER = "";
				"PROVISIONING_PROFILE_SPECIFIER[sdk=iphoneos*]" = 2MT_ShareExtension_Development;
				SKIP_INSTALL = YES;
				SWIFT_EMIT_LOC_STRINGS = YES;
				SWIFT_VERSION = 5.0;
				TARGETED_DEVICE_FAMILY = "1,2";
			};
			name = Debug;
		};
		D81238932CF8C0560005EB25 /* Release */ = {
			isa = XCBuildConfiguration;
			buildSettings = {
				CODE_SIGN_ENTITLEMENTS = TMTShareExtension/TMTShareExtensionRelease.entitlements;
				CODE_SIGN_IDENTITY = "Apple Development";
				"CODE_SIGN_IDENTITY[sdk=iphoneos*]" = "iPhone Distribution";
				CODE_SIGN_STYLE = Manual;
				CURRENT_PROJECT_VERSION = 1;
				DEVELOPMENT_TEAM = "";
				"DEVELOPMENT_TEAM[sdk=iphoneos*]" = 7P5S729LQZ;
				GENERATE_INFOPLIST_FILE = YES;
				INFOPLIST_FILE = TMTShareExtension/Info.plist;
				INFOPLIST_KEY_CFBundleDisplayName = TMTShareExtension;
				INFOPLIST_KEY_NSHumanReadableCopyright = "";
				IPHONEOS_DEPLOYMENT_TARGET = 18.0;
				LD_RUNPATH_SEARCH_PATHS = (
					"$(inherited)",
					"@executable_path/Frameworks",
					"@executable_path/../../Frameworks",
				);
				MARKETING_VERSION = 1.0;
				PRODUCT_BUNDLE_IDENTIFIER = twomanythinking.TMT.TMTShareExtension;
				PRODUCT_NAME = "$(TARGET_NAME)";
				PROVISIONING_PROFILE_SPECIFIER = "";
				"PROVISIONING_PROFILE_SPECIFIER[sdk=iphoneos*]" = 2MT_ShareExtension_Distribution;
				SKIP_INSTALL = YES;
				SWIFT_EMIT_LOC_STRINGS = YES;
				SWIFT_VERSION = 5.0;
				TARGETED_DEVICE_FAMILY = "1,2";
			};
			name = Release;
		};
		D844BCD32CC120030059E31F /* Debug */ = {
			isa = XCBuildConfiguration;
			buildSettings = {
				ASSETCATALOG_COMPILER_GLOBAL_ACCENT_COLOR_NAME = AccentColor;
				ASSETCATALOG_COMPILER_WIDGET_BACKGROUND_COLOR_NAME = WidgetBackground;
				CODE_SIGN_IDENTITY = "Apple Development";
				"CODE_SIGN_IDENTITY[sdk=iphoneos*]" = "iPhone Developer";
				CODE_SIGN_STYLE = Manual;
				CURRENT_PROJECT_VERSION = 1;
				DEVELOPMENT_TEAM = "";
				"DEVELOPMENT_TEAM[sdk=iphoneos*]" = 7P5S729LQZ;
				GENERATE_INFOPLIST_FILE = YES;
				INFOPLIST_FILE = TMTWidget/Info.plist;
				INFOPLIST_KEY_CFBundleDisplayName = TMTWidget;
				INFOPLIST_KEY_NSHumanReadableCopyright = "";
				INFOPLIST_KEY_NSSupportsLiveActivities = YES;
				INFOPLIST_KEY_UIUserInterfaceStyle = Light;
				IPHONEOS_DEPLOYMENT_TARGET = 17.0;
				LD_RUNPATH_SEARCH_PATHS = (
					"$(inherited)",
					"@executable_path/Frameworks",
					"@executable_path/../../Frameworks",
				);
				MARKETING_VERSION = 1.0.1;
				PRODUCT_BUNDLE_IDENTIFIER = twomanythinking.TMT.TMTWidget;
				PRODUCT_NAME = "$(TARGET_NAME)";
				PROVISIONING_PROFILE_SPECIFIER = "";
				"PROVISIONING_PROFILE_SPECIFIER[sdk=iphoneos*]" = 2MT_Widget_Development;
				SKIP_INSTALL = YES;
				SUPPORTED_PLATFORMS = "iphoneos iphonesimulator";
				SUPPORTS_MACCATALYST = NO;
				SUPPORTS_MAC_DESIGNED_FOR_IPHONE_IPAD = NO;
				SUPPORTS_XR_DESIGNED_FOR_IPHONE_IPAD = NO;
				SWIFT_EMIT_LOC_STRINGS = YES;
				SWIFT_VERSION = 5.0;
				TARGETED_DEVICE_FAMILY = 1;
			};
			name = Debug;
		};
		D844BCD42CC120030059E31F /* Release */ = {
			isa = XCBuildConfiguration;
			buildSettings = {
				ASSETCATALOG_COMPILER_GLOBAL_ACCENT_COLOR_NAME = AccentColor;
				ASSETCATALOG_COMPILER_WIDGET_BACKGROUND_COLOR_NAME = WidgetBackground;
				CODE_SIGN_IDENTITY = "Apple Development";
				"CODE_SIGN_IDENTITY[sdk=iphoneos*]" = "iPhone Distribution";
				CODE_SIGN_STYLE = Manual;
				CURRENT_PROJECT_VERSION = 1;
				DEVELOPMENT_TEAM = "";
				"DEVELOPMENT_TEAM[sdk=iphoneos*]" = 7P5S729LQZ;
				GENERATE_INFOPLIST_FILE = YES;
				INFOPLIST_FILE = TMTWidget/Info.plist;
				INFOPLIST_KEY_CFBundleDisplayName = TMTWidget;
				INFOPLIST_KEY_NSHumanReadableCopyright = "";
				INFOPLIST_KEY_NSSupportsLiveActivities = YES;
				INFOPLIST_KEY_UIUserInterfaceStyle = Light;
				IPHONEOS_DEPLOYMENT_TARGET = 17.0;
				LD_RUNPATH_SEARCH_PATHS = (
					"$(inherited)",
					"@executable_path/Frameworks",
					"@executable_path/../../Frameworks",
				);
				MARKETING_VERSION = 1.0.1;
				PRODUCT_BUNDLE_IDENTIFIER = twomanythinking.TMT.TMTWidget;
				PRODUCT_NAME = "$(TARGET_NAME)";
				PROVISIONING_PROFILE_SPECIFIER = "";
				"PROVISIONING_PROFILE_SPECIFIER[sdk=iphoneos*]" = 2MT_Widget_Distribution;
				SKIP_INSTALL = YES;
				SUPPORTED_PLATFORMS = "iphoneos iphonesimulator";
				SUPPORTS_MACCATALYST = NO;
				SUPPORTS_MAC_DESIGNED_FOR_IPHONE_IPAD = NO;
				SUPPORTS_XR_DESIGNED_FOR_IPHONE_IPAD = NO;
				SWIFT_EMIT_LOC_STRINGS = YES;
				SWIFT_VERSION = 5.0;
				TARGETED_DEVICE_FAMILY = 1;
			};
			name = Release;
		};
		D86739752CA933CE00FFE8ED /* Debug */ = {
			isa = XCBuildConfiguration;
			buildSettings = {
				ALWAYS_SEARCH_USER_PATHS = NO;
				ASSETCATALOG_COMPILER_GENERATE_SWIFT_ASSET_SYMBOL_EXTENSIONS = YES;
				CLANG_ANALYZER_NONNULL = YES;
				CLANG_ANALYZER_NUMBER_OBJECT_CONVERSION = YES_AGGRESSIVE;
				CLANG_CXX_LANGUAGE_STANDARD = "gnu++20";
				CLANG_ENABLE_MODULES = YES;
				CLANG_ENABLE_OBJC_ARC = YES;
				CLANG_ENABLE_OBJC_WEAK = YES;
				CLANG_WARN_BLOCK_CAPTURE_AUTORELEASING = YES;
				CLANG_WARN_BOOL_CONVERSION = YES;
				CLANG_WARN_COMMA = YES;
				CLANG_WARN_CONSTANT_CONVERSION = YES;
				CLANG_WARN_DEPRECATED_OBJC_IMPLEMENTATIONS = YES;
				CLANG_WARN_DIRECT_OBJC_ISA_USAGE = YES_ERROR;
				CLANG_WARN_DOCUMENTATION_COMMENTS = YES;
				CLANG_WARN_EMPTY_BODY = YES;
				CLANG_WARN_ENUM_CONVERSION = YES;
				CLANG_WARN_INFINITE_RECURSION = YES;
				CLANG_WARN_INT_CONVERSION = YES;
				CLANG_WARN_NON_LITERAL_NULL_CONVERSION = YES;
				CLANG_WARN_OBJC_IMPLICIT_RETAIN_SELF = YES;
				CLANG_WARN_OBJC_LITERAL_CONVERSION = YES;
				CLANG_WARN_OBJC_ROOT_CLASS = YES_ERROR;
				CLANG_WARN_QUOTED_INCLUDE_IN_FRAMEWORK_HEADER = YES;
				CLANG_WARN_RANGE_LOOP_ANALYSIS = YES;
				CLANG_WARN_STRICT_PROTOTYPES = YES;
				CLANG_WARN_SUSPICIOUS_MOVE = YES;
				CLANG_WARN_UNGUARDED_AVAILABILITY = YES_AGGRESSIVE;
				CLANG_WARN_UNREACHABLE_CODE = YES;
				CLANG_WARN__DUPLICATE_METHOD_MATCH = YES;
				COPY_PHASE_STRIP = NO;
				DEBUG_INFORMATION_FORMAT = dwarf;
				ENABLE_STRICT_OBJC_MSGSEND = YES;
				ENABLE_TESTABILITY = YES;
				ENABLE_USER_SCRIPT_SANDBOXING = YES;
				GCC_C_LANGUAGE_STANDARD = gnu17;
				GCC_DYNAMIC_NO_PIC = NO;
				GCC_NO_COMMON_BLOCKS = YES;
				GCC_OPTIMIZATION_LEVEL = 0;
				GCC_PREPROCESSOR_DEFINITIONS = (
					"DEBUG=1",
					"$(inherited)",
				);
				GCC_WARN_64_TO_32_BIT_CONVERSION = YES;
				GCC_WARN_ABOUT_RETURN_TYPE = YES_ERROR;
				GCC_WARN_UNDECLARED_SELECTOR = YES;
				GCC_WARN_UNINITIALIZED_AUTOS = YES_AGGRESSIVE;
				GCC_WARN_UNUSED_FUNCTION = YES;
				GCC_WARN_UNUSED_VARIABLE = YES;
				IPHONEOS_DEPLOYMENT_TARGET = 17.5;
				LOCALIZATION_PREFERS_STRING_CATALOGS = YES;
				MTL_ENABLE_DEBUG_INFO = INCLUDE_SOURCE;
				MTL_FAST_MATH = YES;
				ONLY_ACTIVE_ARCH = YES;
				SDKROOT = iphoneos;
				SWIFT_ACTIVE_COMPILATION_CONDITIONS = "DEBUG $(inherited)";
				SWIFT_OPTIMIZATION_LEVEL = "-Onone";
			};
			name = Debug;
		};
		D86739762CA933CE00FFE8ED /* Release */ = {
			isa = XCBuildConfiguration;
			buildSettings = {
				ALWAYS_SEARCH_USER_PATHS = NO;
				ASSETCATALOG_COMPILER_GENERATE_SWIFT_ASSET_SYMBOL_EXTENSIONS = YES;
				CLANG_ANALYZER_NONNULL = YES;
				CLANG_ANALYZER_NUMBER_OBJECT_CONVERSION = YES_AGGRESSIVE;
				CLANG_CXX_LANGUAGE_STANDARD = "gnu++20";
				CLANG_ENABLE_MODULES = YES;
				CLANG_ENABLE_OBJC_ARC = YES;
				CLANG_ENABLE_OBJC_WEAK = YES;
				CLANG_WARN_BLOCK_CAPTURE_AUTORELEASING = YES;
				CLANG_WARN_BOOL_CONVERSION = YES;
				CLANG_WARN_COMMA = YES;
				CLANG_WARN_CONSTANT_CONVERSION = YES;
				CLANG_WARN_DEPRECATED_OBJC_IMPLEMENTATIONS = YES;
				CLANG_WARN_DIRECT_OBJC_ISA_USAGE = YES_ERROR;
				CLANG_WARN_DOCUMENTATION_COMMENTS = YES;
				CLANG_WARN_EMPTY_BODY = YES;
				CLANG_WARN_ENUM_CONVERSION = YES;
				CLANG_WARN_INFINITE_RECURSION = YES;
				CLANG_WARN_INT_CONVERSION = YES;
				CLANG_WARN_NON_LITERAL_NULL_CONVERSION = YES;
				CLANG_WARN_OBJC_IMPLICIT_RETAIN_SELF = YES;
				CLANG_WARN_OBJC_LITERAL_CONVERSION = YES;
				CLANG_WARN_OBJC_ROOT_CLASS = YES_ERROR;
				CLANG_WARN_QUOTED_INCLUDE_IN_FRAMEWORK_HEADER = YES;
				CLANG_WARN_RANGE_LOOP_ANALYSIS = YES;
				CLANG_WARN_STRICT_PROTOTYPES = YES;
				CLANG_WARN_SUSPICIOUS_MOVE = YES;
				CLANG_WARN_UNGUARDED_AVAILABILITY = YES_AGGRESSIVE;
				CLANG_WARN_UNREACHABLE_CODE = YES;
				CLANG_WARN__DUPLICATE_METHOD_MATCH = YES;
				COPY_PHASE_STRIP = NO;
				DEBUG_INFORMATION_FORMAT = "dwarf-with-dsym";
				ENABLE_NS_ASSERTIONS = NO;
				ENABLE_STRICT_OBJC_MSGSEND = YES;
				ENABLE_USER_SCRIPT_SANDBOXING = YES;
				GCC_C_LANGUAGE_STANDARD = gnu17;
				GCC_NO_COMMON_BLOCKS = YES;
				GCC_WARN_64_TO_32_BIT_CONVERSION = YES;
				GCC_WARN_ABOUT_RETURN_TYPE = YES_ERROR;
				GCC_WARN_UNDECLARED_SELECTOR = YES;
				GCC_WARN_UNINITIALIZED_AUTOS = YES_AGGRESSIVE;
				GCC_WARN_UNUSED_FUNCTION = YES;
				GCC_WARN_UNUSED_VARIABLE = YES;
				IPHONEOS_DEPLOYMENT_TARGET = 17.5;
				LOCALIZATION_PREFERS_STRING_CATALOGS = YES;
				MTL_ENABLE_DEBUG_INFO = NO;
				MTL_FAST_MATH = YES;
				SDKROOT = iphoneos;
				SWIFT_COMPILATION_MODE = wholemodule;
				VALIDATE_PRODUCT = YES;
			};
			name = Release;
		};
		D86739782CA933CE00FFE8ED /* Debug */ = {
			isa = XCBuildConfiguration;
			buildSettings = {
				ASSETCATALOG_COMPILER_APPICON_NAME = AppIcon;
				ASSETCATALOG_COMPILER_GLOBAL_ACCENT_COLOR_NAME = AccentColor;
				CODE_SIGN_ENTITLEMENTS = TMT/TMT.entitlements;
				CODE_SIGN_IDENTITY = "Apple Development";
				"CODE_SIGN_IDENTITY[sdk=iphoneos*]" = "iPhone Developer";
				CODE_SIGN_STYLE = Manual;
				CURRENT_PROJECT_VERSION = 1;
				DEVELOPMENT_ASSET_PATHS = "\"TMT/Preview Content\"";
				DEVELOPMENT_TEAM = "";
				"DEVELOPMENT_TEAM[sdk=iphoneos*]" = 7P5S729LQZ;
				ENABLE_PREVIEWS = YES;
				GENERATE_INFOPLIST_FILE = YES;
				INFOPLIST_FILE = TMT/Info.plist;
				INFOPLIST_KEY_CFBundleDisplayName = BusDot;
				INFOPLIST_KEY_LSApplicationCategoryType = "public.app-category.navigation";
				INFOPLIST_KEY_NSLocationWhenInUseUsageDescription = "Authorization is required to provide drop-off instructions based on the user's location.";
				INFOPLIST_KEY_NSSupportsLiveActivities = YES;
				INFOPLIST_KEY_UIApplicationSceneManifest_Generation = YES;
				INFOPLIST_KEY_UIApplicationSupportsIndirectInputEvents = YES;
				INFOPLIST_KEY_UISupportedInterfaceOrientations = UIInterfaceOrientationPortrait;
				INFOPLIST_KEY_UISupportedInterfaceOrientations_iPad = "UIInterfaceOrientationLandscapeLeft UIInterfaceOrientationLandscapeRight UIInterfaceOrientationPortrait UIInterfaceOrientationPortraitUpsideDown";
				INFOPLIST_KEY_UIUserInterfaceStyle = Light;
				IPHONEOS_DEPLOYMENT_TARGET = 17.0;
				LD_RUNPATH_SEARCH_PATHS = (
					"$(inherited)",
					"@executable_path/Frameworks",
				);
				MARKETING_VERSION = 1.0.2;
				PRODUCT_BUNDLE_IDENTIFIER = twomanythinking.TMT;
				PRODUCT_NAME = "$(TARGET_NAME)";
				PROVISIONING_PROFILE_SPECIFIER = "";
				"PROVISIONING_PROFILE_SPECIFIER[sdk=iphoneos*]" = 2MT_Development;
				SUPPORTED_PLATFORMS = "iphoneos iphonesimulator";
				SUPPORTS_MACCATALYST = NO;
				SUPPORTS_MAC_DESIGNED_FOR_IPHONE_IPAD = NO;
				SUPPORTS_XR_DESIGNED_FOR_IPHONE_IPAD = NO;
				SWIFT_EMIT_LOC_STRINGS = YES;
				SWIFT_VERSION = 5.0;
				TARGETED_DEVICE_FAMILY = 1;
			};
			name = Debug;
		};
		D86739792CA933CE00FFE8ED /* Release */ = {
			isa = XCBuildConfiguration;
			buildSettings = {
				ASSETCATALOG_COMPILER_APPICON_NAME = AppIcon;
				ASSETCATALOG_COMPILER_GLOBAL_ACCENT_COLOR_NAME = AccentColor;
				CODE_SIGN_ENTITLEMENTS = TMT/TMTRelease.entitlements;
				CODE_SIGN_IDENTITY = "Apple Development";
				"CODE_SIGN_IDENTITY[sdk=iphoneos*]" = "iPhone Distribution";
				CODE_SIGN_STYLE = Manual;
				CURRENT_PROJECT_VERSION = 1;
				DEVELOPMENT_ASSET_PATHS = "\"TMT/Preview Content\"";
				DEVELOPMENT_TEAM = "";
				"DEVELOPMENT_TEAM[sdk=iphoneos*]" = 7P5S729LQZ;
				ENABLE_PREVIEWS = YES;
				GENERATE_INFOPLIST_FILE = YES;
				INFOPLIST_FILE = TMT/Info.plist;
				INFOPLIST_KEY_CFBundleDisplayName = BusDot;
				INFOPLIST_KEY_LSApplicationCategoryType = "public.app-category.navigation";
				INFOPLIST_KEY_NSLocationWhenInUseUsageDescription = "Authorization is required to provide drop-off instructions based on the user's location.";
				INFOPLIST_KEY_NSSupportsLiveActivities = YES;
				INFOPLIST_KEY_UIApplicationSceneManifest_Generation = YES;
				INFOPLIST_KEY_UIApplicationSupportsIndirectInputEvents = YES;
				INFOPLIST_KEY_UISupportedInterfaceOrientations = UIInterfaceOrientationPortrait;
				INFOPLIST_KEY_UISupportedInterfaceOrientations_iPad = "UIInterfaceOrientationLandscapeLeft UIInterfaceOrientationLandscapeRight UIInterfaceOrientationPortrait UIInterfaceOrientationPortraitUpsideDown";
				INFOPLIST_KEY_UIUserInterfaceStyle = Light;
				IPHONEOS_DEPLOYMENT_TARGET = 17.0;
				LD_RUNPATH_SEARCH_PATHS = (
					"$(inherited)",
					"@executable_path/Frameworks",
				);
				MARKETING_VERSION = 1.0.2;
				PRODUCT_BUNDLE_IDENTIFIER = twomanythinking.TMT;
				PRODUCT_NAME = "$(TARGET_NAME)";
				PROVISIONING_PROFILE_SPECIFIER = "";
				"PROVISIONING_PROFILE_SPECIFIER[sdk=iphoneos*]" = 2MT_Distribution;
				SUPPORTED_PLATFORMS = "iphoneos iphonesimulator";
				SUPPORTS_MACCATALYST = NO;
				SUPPORTS_MAC_DESIGNED_FOR_IPHONE_IPAD = NO;
				SUPPORTS_XR_DESIGNED_FOR_IPHONE_IPAD = NO;
				SWIFT_EMIT_LOC_STRINGS = YES;
				SWIFT_VERSION = 5.0;
				TARGETED_DEVICE_FAMILY = 1;
			};
			name = Release;
		};
/* End XCBuildConfiguration section */

/* Begin XCConfigurationList section */
		D81238942CF8C0560005EB25 /* Build configuration list for PBXNativeTarget "TMTShareExtension" */ = {
			isa = XCConfigurationList;
			buildConfigurations = (
				D81238922CF8C0560005EB25 /* Debug */,
				D81238932CF8C0560005EB25 /* Release */,
			);
			defaultConfigurationIsVisible = 0;
			defaultConfigurationName = Release;
		};
		D844BCD22CC120030059E31F /* Build configuration list for PBXNativeTarget "TMTWidgetExtension" */ = {
			isa = XCConfigurationList;
			buildConfigurations = (
				D844BCD32CC120030059E31F /* Debug */,
				D844BCD42CC120030059E31F /* Release */,
			);
			defaultConfigurationIsVisible = 0;
			defaultConfigurationName = Release;
		};
		D86739642CA933CD00FFE8ED /* Build configuration list for PBXProject "TMT" */ = {
			isa = XCConfigurationList;
			buildConfigurations = (
				D86739752CA933CE00FFE8ED /* Debug */,
				D86739762CA933CE00FFE8ED /* Release */,
			);
			defaultConfigurationIsVisible = 0;
			defaultConfigurationName = Release;
		};
		D86739772CA933CE00FFE8ED /* Build configuration list for PBXNativeTarget "TMT" */ = {
			isa = XCConfigurationList;
			buildConfigurations = (
				D86739782CA933CE00FFE8ED /* Debug */,
				D86739792CA933CE00FFE8ED /* Release */,
			);
			defaultConfigurationIsVisible = 0;
			defaultConfigurationName = Release;
		};
/* End XCConfigurationList section */

/* Begin XCRemoteSwiftPackageReference section */
		D83277632CEC6715005E00CF /* XCRemoteSwiftPackageReference "lottie-ios" */ = {
			isa = XCRemoteSwiftPackageReference;
			repositoryURL = "https://github.com/airbnb/lottie-ios";
			requirement = {
				kind = upToNextMajorVersion;
				minimumVersion = 4.5.0;
			};
		};
/* End XCRemoteSwiftPackageReference section */

/* Begin XCSwiftPackageProductDependency section */
		D86A9EE72CEC6A0F00B252F8 /* Lottie */ = {
			isa = XCSwiftPackageProductDependency;
			package = D83277632CEC6715005E00CF /* XCRemoteSwiftPackageReference "lottie-ios" */;
			productName = Lottie;
		};
/* End XCSwiftPackageProductDependency section */
	};
	rootObject = D86739612CA933CD00FFE8ED /* Project object */;
}
